
Microsoft Visual Studio Solution File, Format Version 10.00
# Visual Studio 2008
Project("{FAE04EC0-301F-11D3-BF4B-00C04F79EFBC}") = "Raytrace", "Raytrace\Raytrace.csproj", "{209C2C62-C1EB-4014-A3A5-049BD84B9435}"
EndProject
Global
	GlobalSection(SolutionConfigurationPlatforms) = preSolution
		Debug|Any CPU = Debug|Any CPU
		Release|Any CPU = Release|Any CPU
	EndGlobalSection
	GlobalSection(ProjectConfigurationPlatforms) = postSolution
		{209C2C62-C1EB-4014-A3A5-049BD84B9435}.Debug|Any CPU.ActiveCfg = Debug|Any CPU
		{209C2C62-C1EB-4014-A3A5-049BD84B9435}.Debug|Any CPU.Build.0 = Debug|Any CPU
		{209C2C62-C1EB-4014-A3A5-049BD84B9435}.Release|Any CPU.ActiveCfg = Release|Any CPU
		{209C2C62-C1EB-4014-A3A5-049BD84B9435}.Release|Any CPU.Build.0 = Release|Any CPU
	EndGlobalSection
	GlobalSection(SolutionProperties) = preSolution
		HideSolutionNode = FALSE
	EndGlobalSection
EndGlobal
